# This file is automatically @generated by Poetry 1.7.1 and should not be changed by hand.

[[package]]
name = "dormyboba-api"
version = "0.1.0"
description = ""
optional = false
python-versions = ">=3.11,<4.0"
files = []
develop = false

[package.source]
type = "git"
url = "https://github.com/aaletov/dormyboba-api.git"
reference = "main"
resolved_reference = "76839271780b71980eef92da8a342f7be47ce87f"
subdirectory = "api/generated/python"

[metadata]
lock-version = "2.0"
python-versions = ">=3.11,<4.0"
content-hash = "9a6381510bb37dcdaf474d06764b2d0ab4264baad818f90fc93a0e8218608149"
